
Microsoft Visual Studio Solution File, Format Version 12.00
# Visual Studio 14
VisualStudioVersion = 14.0.25420.1
MinimumVisualStudioVersion = 10.0.40219.1
Project("{2150E333-8FDC-42A3-9474-1A3956D46DE8}") = "Action", "Action", "{FEC4E277-A360-4E60-B2C2-21DD96E92770}"
EndProject
Project("{FAE04EC0-301F-11D3-BF4B-00C04F79EFBC}") = "Action.Net40", "core\Action.Net40\Action.Net40.csproj", "{8E41D66F-AACC-4D7C-8766-DFD20704A3D2}"
EndProject
Project("{FAE04EC0-301F-11D3-BF4B-00C04F79EFBC}") = "Action.Net40.Tests", "core\Action.Net40.Tests\Action.Net40.Tests.csproj", "{828C75BE-363B-4DD9-951C-43660B3BCB8B}"
EndProject
Project("{FAE04EC0-301F-11D3-BF4B-00C04F79EFBC}") = "Action.Net20", "core\Action.Net20\Action.Net20.csproj", "{F1CBA647-CA9E-40D6-B54F-E14F7205AC15}"
EndProject
Project("{FAE04EC0-301F-11D3-BF4B-00C04F79EFBC}") = "Action.Net20.Tests", "core\Action.Net20.Tests\Action.Net20.Tests.csproj", "{ADFB6063-D389-4E26-9A82-A57D6AF1811E}"
EndProject
Project("{FAE04EC0-301F-11D3-BF4B-00C04F79EFBC}") = "Action.Net35", "core\Action.Net35\Action.Net35.csproj", "{2E4CC3AC-0F6E-4FFA-A6E4-722AE7F5D04D}"
EndProject
Project("{FAE04EC0-301F-11D3-BF4B-00C04F79EFBC}") = "Action.Net35.Tests", "core\Action.Net35.Tests\Action.Net35.Tests.csproj", "{DCD8CA2C-5675-4F71-9C45-A1C3D463944A}"
EndProject
Project("{2150E333-8FDC-42A3-9474-1A3956D46DE8}") = "ConcurrentDictionary", "ConcurrentDictionary", "{61C48C0C-34E9-44B0-B9EA-2033E96FA298}"
EndProject
Project("{2150E333-8FDC-42A3-9474-1A3956D46DE8}") = "Tuple", "Tuple", "{CC594387-4476-425D-9E5A-07FD824D1719}"
EndProject
Project("{FAE04EC0-301F-11D3-BF4B-00C04F79EFBC}") = "ConcurrentDictionary.Net20", "core\ConcurrentDictionary.Net20\ConcurrentDictionary.Net20.csproj", "{F4E37673-D6CC-4320-8AA6-67234E0034C6}"
EndProject
Project("{FAE04EC0-301F-11D3-BF4B-00C04F79EFBC}") = "ConcurrentDictionary.Net20.Tests", "core\ConcurrentDictionary.Net20.Tests\ConcurrentDictionary.Net20.Tests.csproj", "{AEDDF472-2B32-4360-9E91-885B00D692DF}"
EndProject
Project("{FAE04EC0-301F-11D3-BF4B-00C04F79EFBC}") = "Tuple.Net20", "core\Tuple.Net20\Tuple.Net20.csproj", "{5545B95D-C742-4C8B-8A4D-70B548050547}"
EndProject
Project("{FAE04EC0-301F-11D3-BF4B-00C04F79EFBC}") = "Tuple.Net20.Tests", "core\Tuple.Net20.Tests\Tuple.Net20.Tests.csproj", "{15522D4F-0A13-4AE1-94B8-AE99B0D0847E}"
EndProject
Project("{FAE04EC0-301F-11D3-BF4B-00C04F79EFBC}") = "ConcurrentDictionary.Net35", "core\ConcurrentDictionary.Net35\ConcurrentDictionary.Net35.csproj", "{381252A5-912B-4B99-B429-8D1029569491}"
EndProject
Project("{FAE04EC0-301F-11D3-BF4B-00C04F79EFBC}") = "ConcurrentDictionary.Net35.Tests", "core\ConcurrentDictionary.Net35.Tests\ConcurrentDictionary.Net35.Tests.csproj", "{942F561E-74D3-44A6-99FA-72D3AC288313}"
EndProject
Project("{FAE04EC0-301F-11D3-BF4B-00C04F79EFBC}") = "ConcurrentDictionary.Net40", "core\ConcurrentDictionary.Net40\ConcurrentDictionary.Net40.csproj", "{26525F44-B7A6-4DA1-8283-A47C4440D8AB}"
EndProject
Project("{FAE04EC0-301F-11D3-BF4B-00C04F79EFBC}") = "ConcurrentDictionary.Net40.Tests", "core\ConcurrentDictionary.Net40.Tests\ConcurrentDictionary.Net40.Tests.csproj", "{0CC64432-4BBC-426D-BED8-52963DD3C67D}"
EndProject
Project("{FAE04EC0-301F-11D3-BF4B-00C04F79EFBC}") = "Tuple.Net35", "core\Tuple.Net35\Tuple.Net35.csproj", "{D434BDDD-1EDA-4212-B6D6-52DD80A08969}"
EndProject
Project("{FAE04EC0-301F-11D3-BF4B-00C04F79EFBC}") = "Tuple.Net35.Tests", "core\Tuple.Net35.Tests\Tuple.Net35.Tests.csproj", "{461A55B6-5DB1-44C3-BD71-D286A356C0A8}"
EndProject
Project("{FAE04EC0-301F-11D3-BF4B-00C04F79EFBC}") = "Tuple.Net40", "core\Tuple.Net40\Tuple.Net40.csproj", "{DF53F862-9220-4C36-9973-B7E899EA4596}"
EndProject
Project("{FAE04EC0-301F-11D3-BF4B-00C04F79EFBC}") = "Tuple.Net40.Tests", "core\Tuple.Net40.Tests\Tuple.Net40.Tests.csproj", "{10BEF5B7-7F3F-4A5C-8B43-B1F2C6637AF9}"
EndProject
Project("{2150E333-8FDC-42A3-9474-1A3956D46DE8}") = "Numerics", "Numerics", "{1B7EC016-2EA7-474C-B2F0-A4300BAC9FB0}"
EndProject
Project("{FAE04EC0-301F-11D3-BF4B-00C04F79EFBC}") = "Numerics.Net20", "core\Numerics.Net20\Numerics.Net20.csproj", "{A57FD91E-E3B6-4644-AE48-C222CD06E23D}"
EndProject
Project("{FAE04EC0-301F-11D3-BF4B-00C04F79EFBC}") = "Numerics.Net35", "core\Numerics.Net35\Numerics.Net35.csproj", "{198669A4-1590-4AA2-A0FA-8B40AE63B1C1}"
EndProject
Project("{FAE04EC0-301F-11D3-BF4B-00C04F79EFBC}") = "Numerics.Net40", "core\Numerics.Net40\Numerics.Net40.csproj", "{1B6FF3CA-2114-4CD4-9DF9-FDAD77797EE0}"
EndProject
Project("{FAE04EC0-301F-11D3-BF4B-00C04F79EFBC}") = "Numerics.Net20.Tests", "core\Numerics.Net20.Tests\Numerics.Net20.Tests.csproj", "{5B996030-DAF3-4AB7-86B5-2F7208D5E1C6}"
EndProject
Project("{FAE04EC0-301F-11D3-BF4B-00C04F79EFBC}") = "Numerics.Net35.Tests", "core\Numerics.Net35.Tests\Numerics.Net35.Tests.csproj", "{35F17AB8-192F-40F9-8FA7-98E06E37CF45}"
EndProject
Project("{FAE04EC0-301F-11D3-BF4B-00C04F79EFBC}") = "Numerics.Net40.Tests", "core\Numerics.Net40.Tests\Numerics.Net40.Tests.csproj", "{F2713DDF-FAE8-45B6-AB87-D95FD2AAC86D}"
EndProject
Global
	GlobalSection(SolutionConfigurationPlatforms) = preSolution
		Debug|Any CPU = Debug|Any CPU
		Release|Any CPU = Release|Any CPU
	EndGlobalSection
	GlobalSection(ProjectConfigurationPlatforms) = postSolution
		{8E41D66F-AACC-4D7C-8766-DFD20704A3D2}.Debug|Any CPU.ActiveCfg = Debug|Any CPU
		{8E41D66F-AACC-4D7C-8766-DFD20704A3D2}.Debug|Any CPU.Build.0 = Debug|Any CPU
		{8E41D66F-AACC-4D7C-8766-DFD20704A3D2}.Release|Any CPU.ActiveCfg = Release|Any CPU
		{8E41D66F-AACC-4D7C-8766-DFD20704A3D2}.Release|Any CPU.Build.0 = Release|Any CPU
		{828C75BE-363B-4DD9-951C-43660B3BCB8B}.Debug|Any CPU.ActiveCfg = Debug|Any CPU
		{828C75BE-363B-4DD9-951C-43660B3BCB8B}.Debug|Any CPU.Build.0 = Debug|Any CPU
		{828C75BE-363B-4DD9-951C-43660B3BCB8B}.Release|Any CPU.ActiveCfg = Release|Any CPU
		{828C75BE-363B-4DD9-951C-43660B3BCB8B}.Release|Any CPU.Build.0 = Release|Any CPU
		{F1CBA647-CA9E-40D6-B54F-E14F7205AC15}.Debug|Any CPU.ActiveCfg = Debug|Any CPU
		{F1CBA647-CA9E-40D6-B54F-E14F7205AC15}.Debug|Any CPU.Build.0 = Debug|Any CPU
		{F1CBA647-CA9E-40D6-B54F-E14F7205AC15}.Release|Any CPU.ActiveCfg = Release|Any CPU
		{F1CBA647-CA9E-40D6-B54F-E14F7205AC15}.Release|Any CPU.Build.0 = Release|Any CPU
		{ADFB6063-D389-4E26-9A82-A57D6AF1811E}.Debug|Any CPU.ActiveCfg = Debug|Any CPU
		{ADFB6063-D389-4E26-9A82-A57D6AF1811E}.Debug|Any CPU.Build.0 = Debug|Any CPU
		{ADFB6063-D389-4E26-9A82-A57D6AF1811E}.Release|Any CPU.ActiveCfg = Release|Any CPU
		{ADFB6063-D389-4E26-9A82-A57D6AF1811E}.Release|Any CPU.Build.0 = Release|Any CPU
		{2E4CC3AC-0F6E-4FFA-A6E4-722AE7F5D04D}.Debug|Any CPU.ActiveCfg = Debug|Any CPU
		{2E4CC3AC-0F6E-4FFA-A6E4-722AE7F5D04D}.Debug|Any CPU.Build.0 = Debug|Any CPU
		{2E4CC3AC-0F6E-4FFA-A6E4-722AE7F5D04D}.Release|Any CPU.ActiveCfg = Release|Any CPU
		{2E4CC3AC-0F6E-4FFA-A6E4-722AE7F5D04D}.Release|Any CPU.Build.0 = Release|Any CPU
		{DCD8CA2C-5675-4F71-9C45-A1C3D463944A}.Debug|Any CPU.ActiveCfg = Debug|Any CPU
		{DCD8CA2C-5675-4F71-9C45-A1C3D463944A}.Debug|Any CPU.Build.0 = Debug|Any CPU
		{DCD8CA2C-5675-4F71-9C45-A1C3D463944A}.Release|Any CPU.ActiveCfg = Release|Any CPU
		{DCD8CA2C-5675-4F71-9C45-A1C3D463944A}.Release|Any CPU.Build.0 = Release|Any CPU
		{F4E37673-D6CC-4320-8AA6-67234E0034C6}.Debug|Any CPU.ActiveCfg = Debug|Any CPU
		{F4E37673-D6CC-4320-8AA6-67234E0034C6}.Debug|Any CPU.Build.0 = Debug|Any CPU
		{F4E37673-D6CC-4320-8AA6-67234E0034C6}.Release|Any CPU.ActiveCfg = Release|Any CPU
		{F4E37673-D6CC-4320-8AA6-67234E0034C6}.Release|Any CPU.Build.0 = Release|Any CPU
		{AEDDF472-2B32-4360-9E91-885B00D692DF}.Debug|Any CPU.ActiveCfg = Debug|Any CPU
		{AEDDF472-2B32-4360-9E91-885B00D692DF}.Debug|Any CPU.Build.0 = Debug|Any CPU
		{AEDDF472-2B32-4360-9E91-885B00D692DF}.Release|Any CPU.ActiveCfg = Release|Any CPU
		{AEDDF472-2B32-4360-9E91-885B00D692DF}.Release|Any CPU.Build.0 = Release|Any CPU
		{5545B95D-C742-4C8B-8A4D-70B548050547}.Debug|Any CPU.ActiveCfg = Debug|Any CPU
		{5545B95D-C742-4C8B-8A4D-70B548050547}.Debug|Any CPU.Build.0 = Debug|Any CPU
		{5545B95D-C742-4C8B-8A4D-70B548050547}.Release|Any CPU.ActiveCfg = Release|Any CPU
		{5545B95D-C742-4C8B-8A4D-70B548050547}.Release|Any CPU.Build.0 = Release|Any CPU
		{15522D4F-0A13-4AE1-94B8-AE99B0D0847E}.Debug|Any CPU.ActiveCfg = Debug|Any CPU
		{15522D4F-0A13-4AE1-94B8-AE99B0D0847E}.Debug|Any CPU.Build.0 = Debug|Any CPU
		{15522D4F-0A13-4AE1-94B8-AE99B0D0847E}.Release|Any CPU.ActiveCfg = Release|Any CPU
		{15522D4F-0A13-4AE1-94B8-AE99B0D0847E}.Release|Any CPU.Build.0 = Release|Any CPU
		{381252A5-912B-4B99-B429-8D1029569491}.Debug|Any CPU.ActiveCfg = Debug|Any CPU
		{381252A5-912B-4B99-B429-8D1029569491}.Debug|Any CPU.Build.0 = Debug|Any CPU
		{381252A5-912B-4B99-B429-8D1029569491}.Release|Any CPU.ActiveCfg = Release|Any CPU
		{381252A5-912B-4B99-B429-8D1029569491}.Release|Any CPU.Build.0 = Release|Any CPU
		{942F561E-74D3-44A6-99FA-72D3AC288313}.Debug|Any CPU.ActiveCfg = Debug|Any CPU
		{942F561E-74D3-44A6-99FA-72D3AC288313}.Debug|Any CPU.Build.0 = Debug|Any CPU
		{942F561E-74D3-44A6-99FA-72D3AC288313}.Release|Any CPU.ActiveCfg = Release|Any CPU
		{942F561E-74D3-44A6-99FA-72D3AC288313}.Release|Any CPU.Build.0 = Release|Any CPU
		{26525F44-B7A6-4DA1-8283-A47C4440D8AB}.Debug|Any CPU.ActiveCfg = Debug|Any CPU
		{26525F44-B7A6-4DA1-8283-A47C4440D8AB}.Debug|Any CPU.Build.0 = Debug|Any CPU
		{26525F44-B7A6-4DA1-8283-A47C4440D8AB}.Release|Any CPU.ActiveCfg = Release|Any CPU
		{26525F44-B7A6-4DA1-8283-A47C4440D8AB}.Release|Any CPU.Build.0 = Release|Any CPU
		{0CC64432-4BBC-426D-BED8-52963DD3C67D}.Debug|Any CPU.ActiveCfg = Debug|Any CPU
		{0CC64432-4BBC-426D-BED8-52963DD3C67D}.Debug|Any CPU.Build.0 = Debug|Any CPU
		{0CC64432-4BBC-426D-BED8-52963DD3C67D}.Release|Any CPU.ActiveCfg = Release|Any CPU
		{0CC64432-4BBC-426D-BED8-52963DD3C67D}.Release|Any CPU.Build.0 = Release|Any CPU
		{D434BDDD-1EDA-4212-B6D6-52DD80A08969}.Debug|Any CPU.ActiveCfg = Debug|Any CPU
		{D434BDDD-1EDA-4212-B6D6-52DD80A08969}.Debug|Any CPU.Build.0 = Debug|Any CPU
		{D434BDDD-1EDA-4212-B6D6-52DD80A08969}.Release|Any CPU.ActiveCfg = Release|Any CPU
		{D434BDDD-1EDA-4212-B6D6-52DD80A08969}.Release|Any CPU.Build.0 = Release|Any CPU
		{461A55B6-5DB1-44C3-BD71-D286A356C0A8}.Debug|Any CPU.ActiveCfg = Debug|Any CPU
		{461A55B6-5DB1-44C3-BD71-D286A356C0A8}.Debug|Any CPU.Build.0 = Debug|Any CPU
		{461A55B6-5DB1-44C3-BD71-D286A356C0A8}.Release|Any CPU.ActiveCfg = Release|Any CPU
		{461A55B6-5DB1-44C3-BD71-D286A356C0A8}.Release|Any CPU.Build.0 = Release|Any CPU
		{DF53F862-9220-4C36-9973-B7E899EA4596}.Debug|Any CPU.ActiveCfg = Debug|Any CPU
		{DF53F862-9220-4C36-9973-B7E899EA4596}.Debug|Any CPU.Build.0 = Debug|Any CPU
		{DF53F862-9220-4C36-9973-B7E899EA4596}.Release|Any CPU.ActiveCfg = Release|Any CPU
		{DF53F862-9220-4C36-9973-B7E899EA4596}.Release|Any CPU.Build.0 = Release|Any CPU
		{10BEF5B7-7F3F-4A5C-8B43-B1F2C6637AF9}.Debug|Any CPU.ActiveCfg = Debug|Any CPU
		{10BEF5B7-7F3F-4A5C-8B43-B1F2C6637AF9}.Debug|Any CPU.Build.0 = Debug|Any CPU
		{10BEF5B7-7F3F-4A5C-8B43-B1F2C6637AF9}.Release|Any CPU.ActiveCfg = Release|Any CPU
		{10BEF5B7-7F3F-4A5C-8B43-B1F2C6637AF9}.Release|Any CPU.Build.0 = Release|Any CPU
		{A57FD91E-E3B6-4644-AE48-C222CD06E23D}.Debug|Any CPU.ActiveCfg = Debug|Any CPU
		{A57FD91E-E3B6-4644-AE48-C222CD06E23D}.Debug|Any CPU.Build.0 = Debug|Any CPU
		{A57FD91E-E3B6-4644-AE48-C222CD06E23D}.Release|Any CPU.ActiveCfg = Release|Any CPU
		{A57FD91E-E3B6-4644-AE48-C222CD06E23D}.Release|Any CPU.Build.0 = Release|Any CPU
		{198669A4-1590-4AA2-A0FA-8B40AE63B1C1}.Debug|Any CPU.ActiveCfg = Debug|Any CPU
		{198669A4-1590-4AA2-A0FA-8B40AE63B1C1}.Debug|Any CPU.Build.0 = Debug|Any CPU
		{198669A4-1590-4AA2-A0FA-8B40AE63B1C1}.Release|Any CPU.ActiveCfg = Release|Any CPU
		{198669A4-1590-4AA2-A0FA-8B40AE63B1C1}.Release|Any CPU.Build.0 = Release|Any CPU
		{1B6FF3CA-2114-4CD4-9DF9-FDAD77797EE0}.Debug|Any CPU.ActiveCfg = Debug|Any CPU
		{1B6FF3CA-2114-4CD4-9DF9-FDAD77797EE0}.Debug|Any CPU.Build.0 = Debug|Any CPU
		{1B6FF3CA-2114-4CD4-9DF9-FDAD77797EE0}.Release|Any CPU.ActiveCfg = Release|Any CPU
		{1B6FF3CA-2114-4CD4-9DF9-FDAD77797EE0}.Release|Any CPU.Build.0 = Release|Any CPU
		{5B996030-DAF3-4AB7-86B5-2F7208D5E1C6}.Debug|Any CPU.ActiveCfg = Debug|Any CPU
		{5B996030-DAF3-4AB7-86B5-2F7208D5E1C6}.Debug|Any CPU.Build.0 = Debug|Any CPU
		{5B996030-DAF3-4AB7-86B5-2F7208D5E1C6}.Release|Any CPU.ActiveCfg = Release|Any CPU
		{5B996030-DAF3-4AB7-86B5-2F7208D5E1C6}.Release|Any CPU.Build.0 = Release|Any CPU
		{35F17AB8-192F-40F9-8FA7-98E06E37CF45}.Debug|Any CPU.ActiveCfg = Debug|Any CPU
		{35F17AB8-192F-40F9-8FA7-98E06E37CF45}.Debug|Any CPU.Build.0 = Debug|Any CPU
		{35F17AB8-192F-40F9-8FA7-98E06E37CF45}.Release|Any CPU.ActiveCfg = Release|Any CPU
		{35F17AB8-192F-40F9-8FA7-98E06E37CF45}.Release|Any CPU.Build.0 = Release|Any CPU
		{F2713DDF-FAE8-45B6-AB87-D95FD2AAC86D}.Debug|Any CPU.ActiveCfg = Debug|Any CPU
		{F2713DDF-FAE8-45B6-AB87-D95FD2AAC86D}.Debug|Any CPU.Build.0 = Debug|Any CPU
		{F2713DDF-FAE8-45B6-AB87-D95FD2AAC86D}.Release|Any CPU.ActiveCfg = Release|Any CPU
		{F2713DDF-FAE8-45B6-AB87-D95FD2AAC86D}.Release|Any CPU.Build.0 = Release|Any CPU
	EndGlobalSection
	GlobalSection(SolutionProperties) = preSolution
		HideSolutionNode = FALSE
	EndGlobalSection
	GlobalSection(NestedProjects) = preSolution
		{8E41D66F-AACC-4D7C-8766-DFD20704A3D2} = {FEC4E277-A360-4E60-B2C2-21DD96E92770}
		{828C75BE-363B-4DD9-951C-43660B3BCB8B} = {FEC4E277-A360-4E60-B2C2-21DD96E92770}
		{F1CBA647-CA9E-40D6-B54F-E14F7205AC15} = {FEC4E277-A360-4E60-B2C2-21DD96E92770}
		{ADFB6063-D389-4E26-9A82-A57D6AF1811E} = {FEC4E277-A360-4E60-B2C2-21DD96E92770}
		{2E4CC3AC-0F6E-4FFA-A6E4-722AE7F5D04D} = {FEC4E277-A360-4E60-B2C2-21DD96E92770}
		{DCD8CA2C-5675-4F71-9C45-A1C3D463944A} = {FEC4E277-A360-4E60-B2C2-21DD96E92770}
		{F4E37673-D6CC-4320-8AA6-67234E0034C6} = {61C48C0C-34E9-44B0-B9EA-2033E96FA298}
		{AEDDF472-2B32-4360-9E91-885B00D692DF} = {61C48C0C-34E9-44B0-B9EA-2033E96FA298}
		{5545B95D-C742-4C8B-8A4D-70B548050547} = {CC594387-4476-425D-9E5A-07FD824D1719}
		{15522D4F-0A13-4AE1-94B8-AE99B0D0847E} = {CC594387-4476-425D-9E5A-07FD824D1719}
		{381252A5-912B-4B99-B429-8D1029569491} = {61C48C0C-34E9-44B0-B9EA-2033E96FA298}
		{942F561E-74D3-44A6-99FA-72D3AC288313} = {61C48C0C-34E9-44B0-B9EA-2033E96FA298}
		{26525F44-B7A6-4DA1-8283-A47C4440D8AB} = {61C48C0C-34E9-44B0-B9EA-2033E96FA298}
		{0CC64432-4BBC-426D-BED8-52963DD3C67D} = {61C48C0C-34E9-44B0-B9EA-2033E96FA298}
		{D434BDDD-1EDA-4212-B6D6-52DD80A08969} = {CC594387-4476-425D-9E5A-07FD824D1719}
		{461A55B6-5DB1-44C3-BD71-D286A356C0A8} = {CC594387-4476-425D-9E5A-07FD824D1719}
		{DF53F862-9220-4C36-9973-B7E899EA4596} = {CC594387-4476-425D-9E5A-07FD824D1719}
		{10BEF5B7-7F3F-4A5C-8B43-B1F2C6637AF9} = {CC594387-4476-425D-9E5A-07FD824D1719}
		{A57FD91E-E3B6-4644-AE48-C222CD06E23D} = {1B7EC016-2EA7-474C-B2F0-A4300BAC9FB0}
		{198669A4-1590-4AA2-A0FA-8B40AE63B1C1} = {1B7EC016-2EA7-474C-B2F0-A4300BAC9FB0}
		{1B6FF3CA-2114-4CD4-9DF9-FDAD77797EE0} = {1B7EC016-2EA7-474C-B2F0-A4300BAC9FB0}
		{5B996030-DAF3-4AB7-86B5-2F7208D5E1C6} = {1B7EC016-2EA7-474C-B2F0-A4300BAC9FB0}
		{35F17AB8-192F-40F9-8FA7-98E06E37CF45} = {1B7EC016-2EA7-474C-B2F0-A4300BAC9FB0}
		{F2713DDF-FAE8-45B6-AB87-D95FD2AAC86D} = {1B7EC016-2EA7-474C-B2F0-A4300BAC9FB0}
	EndGlobalSection
EndGlobal
