
Microsoft Visual Studio Solution File, Format Version 12.00
# Visual Studio 14
VisualStudioVersion = 14.0.23107.0
MinimumVisualStudioVersion = 10.0.40219.1
Project("{FAE04EC0-301F-11D3-BF4B-00C04F79EFBC}") = "NetLegacySupport.Tuple.Net40", "NetLegacySupport.Tuple\NetLegacySupport.Tuple.Net40.csproj", "{791C96A3-6394-4A5E-B89F-97688BE5CB6B}"
EndProject
Project("{FAE04EC0-301F-11D3-BF4B-00C04F79EFBC}") = "NetLegacySupport.Tuple.Tests.Net40", "NetLegacySupport.Tuple.Tests\NetLegacySupport.Tuple.Tests.Net40.csproj", "{809FF235-B261-49DE-90BE-98D647D18E61}"
EndProject
Global
	GlobalSection(SolutionConfigurationPlatforms) = preSolution
		Debug|Any CPU = Debug|Any CPU
		Release|Any CPU = Release|Any CPU
	EndGlobalSection
	GlobalSection(ProjectConfigurationPlatforms) = postSolution
		{791C96A3-6394-4A5E-B89F-97688BE5CB6B}.Debug|Any CPU.ActiveCfg = Debug|Any CPU
		{791C96A3-6394-4A5E-B89F-97688BE5CB6B}.Debug|Any CPU.Build.0 = Debug|Any CPU
		{791C96A3-6394-4A5E-B89F-97688BE5CB6B}.Release|Any CPU.ActiveCfg = Release|Any CPU
		{791C96A3-6394-4A5E-B89F-97688BE5CB6B}.Release|Any CPU.Build.0 = Release|Any CPU
		{809FF235-B261-49DE-90BE-98D647D18E61}.Debug|Any CPU.ActiveCfg = Debug|Any CPU
		{809FF235-B261-49DE-90BE-98D647D18E61}.Debug|Any CPU.Build.0 = Debug|Any CPU
		{809FF235-B261-49DE-90BE-98D647D18E61}.Release|Any CPU.ActiveCfg = Release|Any CPU
		{809FF235-B261-49DE-90BE-98D647D18E61}.Release|Any CPU.Build.0 = Release|Any CPU
	EndGlobalSection
	GlobalSection(SolutionProperties) = preSolution
		HideSolutionNode = FALSE
	EndGlobalSection
EndGlobal
